
Microsoft Visual Studio Solution File, Format Version 12.00
# Visual Studio 15
VisualStudioVersion = 15.0.28307.1705
MinimumVisualStudioVersion = 10.0.40219.1
Project("{8BC9CEB8-8B4A-11D0-8D11-00A0C91BC942}") = "SimpleFactory", "SimpleFactory\SimpleFactory.vcxproj", "{6A08C752-DDFF-4B2F-A923-AA130A7DF4AD}"
EndProject
Project("{8BC9CEB8-8B4A-11D0-8D11-00A0C91BC942}") = "FactoryMethod", "FactoryMethod\FactoryMethod.vcxproj", "{8F4AE786-B4B3-4BB3-B4ED-5F3C6580B78C}"
EndProject
Global
	GlobalSection(SolutionConfigurationPlatforms) = preSolution
		Debug|x64 = Debug|x64
		Debug|x86 = Debug|x86
		Release|x64 = Release|x64
		Release|x86 = Release|x86
	EndGlobalSection
	GlobalSection(ProjectConfigurationPlatforms) = postSolution
		{6A08C752-DDFF-4B2F-A923-AA130A7DF4AD}.Debug|x64.ActiveCfg = Debug|x64
		{6A08C752-DDFF-4B2F-A923-AA130A7DF4AD}.Debug|x64.Build.0 = Debug|x64
		{6A08C752-DDFF-4B2F-A923-AA130A7DF4AD}.Debug|x86.ActiveCfg = Debug|Win32
		{6A08C752-DDFF-4B2F-A923-AA130A7DF4AD}.Debug|x86.Build.0 = Debug|Win32
		{6A08C752-DDFF-4B2F-A923-AA130A7DF4AD}.Release|x64.ActiveCfg = Release|x64
		{6A08C752-DDFF-4B2F-A923-AA130A7DF4AD}.Release|x64.Build.0 = Release|x64
		{6A08C752-DDFF-4B2F-A923-AA130A7DF4AD}.Release|x86.ActiveCfg = Release|Win32
		{6A08C752-DDFF-4B2F-A923-AA130A7DF4AD}.Release|x86.Build.0 = Release|Win32
		{8F4AE786-B4B3-4BB3-B4ED-5F3C6580B78C}.Debug|x64.ActiveCfg = Debug|x64
		{8F4AE786-B4B3-4BB3-B4ED-5F3C6580B78C}.Debug|x64.Build.0 = Debug|x64
		{8F4AE786-B4B3-4BB3-B4ED-5F3C6580B78C}.Debug|x86.ActiveCfg = Debug|Win32
		{8F4AE786-B4B3-4BB3-B4ED-5F3C6580B78C}.Debug|x86.Build.0 = Debug|Win32
		{8F4AE786-B4B3-4BB3-B4ED-5F3C6580B78C}.Release|x64.ActiveCfg = Release|x64
		{8F4AE786-B4B3-4BB3-B4ED-5F3C6580B78C}.Release|x64.Build.0 = Release|x64
		{8F4AE786-B4B3-4BB3-B4ED-5F3C6580B78C}.Release|x86.ActiveCfg = Release|Win32
		{8F4AE786-B4B3-4BB3-B4ED-5F3C6580B78C}.Release|x86.Build.0 = Release|Win32
	EndGlobalSection
	GlobalSection(SolutionProperties) = preSolution
		HideSolutionNode = FALSE
	EndGlobalSection
	GlobalSection(ExtensibilityGlobals) = postSolution
		SolutionGuid = {24DCA361-CE0D-4B91-8DCC-22A15526D01C}
	EndGlobalSection
EndGlobal
